// !$*UTF8*$!
{
	archiveVersion = 1;
	classes = {
	};
	objectVersion = 50;
	objects = {

/* Begin PBXBuildFile section */
		0D0A1ABD25565A0900371495 /* NewSymptom.swift in Sources */ = {isa = PBXBuildFile; fileRef = 0D0A1ABC25565A0900371495 /* NewSymptom.swift */; };
		0D2E6BBD24C4CF0D00E56DDE /* AppDelegate.swift in Sources */ = {isa = PBXBuildFile; fileRef = 0D2E6BBC24C4CF0D00E56DDE /* AppDelegate.swift */; };
		0D2E6BBF24C4CF0D00E56DDE /* SceneDelegate.swift in Sources */ = {isa = PBXBuildFile; fileRef = 0D2E6BBE24C4CF0D00E56DDE /* SceneDelegate.swift */; };
		0D2E6BC224C4CF0D00E56DDE /* Neuroscience_DementiaApp.xcdatamodeld in Sources */ = {isa = PBXBuildFile; fileRef = 0D2E6BC024C4CF0D00E56DDE /* Neuroscience_DementiaApp.xcdatamodeld */; };
		0D2E6BC424C4CF0D00E56DDE /* ContentView.swift in Sources */ = {isa = PBXBuildFile; fileRef = 0D2E6BC324C4CF0D00E56DDE /* ContentView.swift */; };
		0D2E6BC624C4CF0E00E56DDE /* Assets.xcassets in Resources */ = {isa = PBXBuildFile; fileRef = 0D2E6BC524C4CF0E00E56DDE /* Assets.xcassets */; };
		0D2E6BC924C4CF0E00E56DDE /* Preview Assets.xcassets in Resources */ = {isa = PBXBuildFile; fileRef = 0D2E6BC824C4CF0E00E56DDE /* Preview Assets.xcassets */; };
		0D2E6BCC24C4CF0E00E56DDE /* LaunchScreen.storyboard in Resources */ = {isa = PBXBuildFile; fileRef = 0D2E6BCA24C4CF0E00E56DDE /* LaunchScreen.storyboard */; };
		0DE14F3B2591AADD00ED4C27 /* SettingsView.swift in Sources */ = {isa = PBXBuildFile; fileRef = 0DE14F3A2591AADD00ED4C27 /* SettingsView.swift */; };
		0DEF9531251AC60C00E38173 /* HomePage.swift in Sources */ = {isa = PBXBuildFile; fileRef = 0DEF9530251AC60C00E38173 /* HomePage.swift */; };
		0DEF9534251AC76F00E38173 /* Physical.swift in Sources */ = {isa = PBXBuildFile; fileRef = 0DEF9533251AC76F00E38173 /* Physical.swift */; };
/* End PBXBuildFile section */

/* Begin PBXFileReference section */
		0D0A1ABC25565A0900371495 /* NewSymptom.swift */ = {isa = PBXFileReference; lastKnownFileType = sourcecode.swift; path = NewSymptom.swift; sourceTree = "<group>"; };
		0D2E6BB924C4CF0D00E56DDE /* Neuroscience-DementiaApp.app */ = {isa = PBXFileReference; explicitFileType = wrapper.application; includeInIndex = 0; path = "Neuroscience-DementiaApp.app"; sourceTree = BUILT_PRODUCTS_DIR; };
		0D2E6BBC24C4CF0D00E56DDE /* AppDelegate.swift */ = {isa = PBXFileReference; lastKnownFileType = sourcecode.swift; path = AppDelegate.swift; sourceTree = "<group>"; };
		0D2E6BBE24C4CF0D00E56DDE /* SceneDelegate.swift */ = {isa = PBXFileReference; lastKnownFileType = sourcecode.swift; path = SceneDelegate.swift; sourceTree = "<group>"; };
		0D2E6BC124C4CF0D00E56DDE /* Neuroscience_DementiaApp.xcdatamodel */ = {isa = PBXFileReference; lastKnownFileType = wrapper.xcdatamodel; path = Neuroscience_DementiaApp.xcdatamodel; sourceTree = "<group>"; };
		0D2E6BC324C4CF0D00E56DDE /* ContentView.swift */ = {isa = PBXFileReference; lastKnownFileType = sourcecode.swift; path = ContentView.swift; sourceTree = "<group>"; };
		0D2E6BC524C4CF0E00E56DDE /* Assets.xcassets */ = {isa = PBXFileReference; lastKnownFileType = folder.assetcatalog; path = Assets.xcassets; sourceTree = "<group>"; };
		0D2E6BC824C4CF0E00E56DDE /* Preview Assets.xcassets */ = {isa = PBXFileReference; lastKnownFileType = folder.assetcatalog; path = "Preview Assets.xcassets"; sourceTree = "<group>"; };
		0D2E6BCB24C4CF0E00E56DDE /* Base */ = {isa = PBXFileReference; lastKnownFileType = file.storyboard; name = Base; path = Base.lproj/LaunchScreen.storyboard; sourceTree = "<group>"; };
		0D2E6BCD24C4CF0E00E56DDE /* Info.plist */ = {isa = PBXFileReference; lastKnownFileType = text.plist.xml; path = Info.plist; sourceTree = "<group>"; };
		0DE14F3A2591AADD00ED4C27 /* SettingsView.swift */ = {isa = PBXFileReference; lastKnownFileType = sourcecode.swift; path = SettingsView.swift; sourceTree = "<group>"; };
		0DEF9530251AC60C00E38173 /* HomePage.swift */ = {isa = PBXFileReference; lastKnownFileType = sourcecode.swift; path = HomePage.swift; sourceTree = "<group>"; };
		0DEF9533251AC76F00E38173 /* Physical.swift */ = {isa = PBXFileReference; lastKnownFileType = sourcecode.swift; path = Physical.swift; sourceTree = "<group>"; };
/* End PBXFileReference section */

/* Begin PBXFrameworksBuildPhase section */
		0D2E6BB624C4CF0D00E56DDE /* Frameworks */ = {
			isa = PBXFrameworksBuildPhase;
			buildActionMask = 2147483647;
			files = (
			);
			runOnlyForDeploymentPostprocessing = 0;
		};
/* End PBXFrameworksBuildPhase section */

/* Begin PBXGroup section */
		0D2E6BB024C4CF0D00E56DDE = {
			isa = PBXGroup;
			children = (
				0D2E6BBB24C4CF0D00E56DDE /* Neuroscience-DementiaApp */,
				0D2E6BBA24C4CF0D00E56DDE /* Products */,
			);
			sourceTree = "<group>";
		};
		0D2E6BBA24C4CF0D00E56DDE /* Products */ = {
			isa = PBXGroup;
			children = (
				0D2E6BB924C4CF0D00E56DDE /* Neuroscience-DementiaApp.app */,
			);
			name = Products;
			sourceTree = "<group>";
		};
		0D2E6BBB24C4CF0D00E56DDE /* Neuroscience-DementiaApp */ = {
			isa = PBXGroup;
			children = (
				0D2E6BBC24C4CF0D00E56DDE /* AppDelegate.swift */,
				0D2E6BBE24C4CF0D00E56DDE /* SceneDelegate.swift */,
				0D2E6BC324C4CF0D00E56DDE /* ContentView.swift */,
				0DE14F3A2591AADD00ED4C27 /* SettingsView.swift */,
				0DEF9530251AC60C00E38173 /* HomePage.swift */,
				0DEF9533251AC76F00E38173 /* Physical.swift */,
				0D0A1ABC25565A0900371495 /* NewSymptom.swift */,
				0D2E6BC524C4CF0E00E56DDE /* Assets.xcassets */,
				0D2E6BCA24C4CF0E00E56DDE /* LaunchScreen.storyboard */,
				0D2E6BCD24C4CF0E00E56DDE /* Info.plist */,
				0D2E6BC024C4CF0D00E56DDE /* Neuroscience_DementiaApp.xcdatamodeld */,
				0D2E6BC724C4CF0E00E56DDE /* Preview Content */,
			);
			path = "Neuroscience-DementiaApp";
			sourceTree = "<group>";
		};
		0D2E6BC724C4CF0E00E56DDE /* Preview Content */ = {
			isa = PBXGroup;
			children = (
				0D2E6BC824C4CF0E00E56DDE /* Preview Assets.xcassets */,
			);
			path = "Preview Content";
			sourceTree = "<group>";
		};
/* End PBXGroup section */

/* Begin PBXNativeTarget section */
		0D2E6BB824C4CF0D00E56DDE /* Neuroscience-DementiaApp */ = {
			isa = PBXNativeTarget;
			buildConfigurationList = 0D2E6BD024C4CF0E00E56DDE /* Build configuration list for PBXNativeTarget "Neuroscience-DementiaApp" */;
			buildPhases = (
				0D2E6BB524C4CF0D00E56DDE /* Sources */,
				0D2E6BB624C4CF0D00E56DDE /* Frameworks */,
				0D2E6BB724C4CF0D00E56DDE /* Resources */,
			);
			buildRules = (
			);
			dependencies = (
			);
			name = "Neuroscience-DementiaApp";
			productName = "Neuroscience-DementiaApp";
			productReference = 0D2E6BB924C4CF0D00E56DDE /* Neuroscience-DementiaApp.app */;
			productType = "com.apple.product-type.application";
		};
/* End PBXNativeTarget section */

/* Begin PBXProject section */
		0D2E6BB124C4CF0D00E56DDE /* Project object */ = {
			isa = PBXProject;
			attributes = {
				LastSwiftUpdateCheck = 1150;
				LastUpgradeCheck = 1150;
				ORGANIZATIONNAME = "Neuroscience Amador Valley";
				TargetAttributes = {
					0D2E6BB824C4CF0D00E56DDE = {
						CreatedOnToolsVersion = 11.5;
					};
				};
			};
			buildConfigurationList = 0D2E6BB424C4CF0D00E56DDE /* Build configuration list for PBXProject "Neuroscience-DementiaApp" */;
			compatibilityVersion = "Xcode 9.3";
			developmentRegion = en;
			hasScannedForEncodings = 0;
			knownRegions = (
				en,
				Base,
			);
			mainGroup = 0D2E6BB024C4CF0D00E56DDE;
			productRefGroup = 0D2E6BBA24C4CF0D00E56DDE /* Products */;
			projectDirPath = "";
			projectRoot = "";
			targets = (
				0D2E6BB824C4CF0D00E56DDE /* Neuroscience-DementiaApp */,
			);
		};
/* End PBXProject section */

/* Begin PBXResourcesBuildPhase section */
		0D2E6BB724C4CF0D00E56DDE /* Resources */ = {
			isa = PBXResourcesBuildPhase;
			buildActionMask = 2147483647;
			files = (
				0D2E6BCC24C4CF0E00E56DDE /* LaunchScreen.storyboard in Resources */,
				0D2E6BC924C4CF0E00E56DDE /* Preview Assets.xcassets in Resources */,
				0D2E6BC624C4CF0E00E56DDE /* Assets.xcassets in Resources */,
			);
			runOnlyForDeploymentPostprocessing = 0;
		};
/* End PBXResourcesBuildPhase section */

/* Begin PBXSourcesBuildPhase section */
		0D2E6BB524C4CF0D00E56DDE /* Sources */ = {
			isa = PBXSourcesBuildPhase;
			buildActionMask = 2147483647;
			files = (
				0DEF9531251AC60C00E38173 /* HomePage.swift in Sources */,
				0D2E6BC224C4CF0D00E56DDE /* Neuroscience_DementiaApp.xcdatamodeld in Sources */,
				0D2E6BBD24C4CF0D00E56DDE /* AppDelegate.swift in Sources */,
				0DE14F3B2591AADD00ED4C27 /* SettingsView.swift in Sources */,
				0D0A1ABD25565A0900371495 /* NewSymptom.swift in Sources */,
				0D2E6BC424C4CF0D00E56DDE /* ContentView.swift in Sources */,
				0D2E6BBF24C4CF0D00E56DDE /* SceneDelegate.swift in Sources */,
				0DEF9534251AC76F00E38173 /* Physical.swift in Sources */,
			);
			runOnlyForDeploymentPostprocessing = 0;
		};
/* End PBXSourcesBuildPhase section */

/* Begin PBXVariantGroup section */
		0D2E6BCA24C4CF0E00E56DDE /* LaunchScreen.storyboard */ = {
			isa = PBXVariantGroup;
			children = (
				0D2E6BCB24C4CF0E00E56DDE /* Base */,
			);
			name = LaunchScreen.storyboard;
			sourceTree = "<group>";
		};
/* End PBXVariantGroup section */

/* Begin XCBuildConfiguration section */
		0D2E6BCE24C4CF0E00E56DDE /* Debug */ = {
			isa = XCBuildConfiguration;
			buildSettings = {
				ALWAYS_SEARCH_USER_PATHS = NO;
				CLANG_ANALYZER_NONNULL = YES;
				CLANG_ANALYZER_NUMBER_OBJECT_CONVERSION = YES_AGGRESSIVE;
				CLANG_CXX_LANGUAGE_STANDARD = "gnu++14";
				CLANG_CXX_LIBRARY = "libc++";
				CLANG_ENABLE_MODULES = YES;
				CLANG_ENABLE_OBJC_ARC = YES;
				CLANG_ENABLE_OBJC_WEAK = YES;
				CLANG_WARN_BLOCK_CAPTURE_AUTORELEASING = YES;
				CLANG_WARN_BOOL_CONVERSION = YES;
				CLANG_WARN_COMMA = YES;
				CLANG_WARN_CONSTANT_CONVERSION = YES;
				CLANG_WARN_DEPRECATED_OBJC_IMPLEMENTATIONS = YES;
				CLANG_WARN_DIRECT_OBJC_ISA_USAGE = YES_ERROR;
				CLANG_WARN_DOCUMENTATION_COMMENTS = YES;
				CLANG_WARN_EMPTY_BODY = YES;
				CLANG_WARN_ENUM_CONVERSION = YES;
				CLANG_WARN_INFINITE_RECURSION = YES;
				CLANG_WARN_INT_CONVERSION = YES;
				CLANG_WARN_NON_LITERAL_NULL_CONVERSION = YES;
				CLANG_WARN_OBJC_IMPLICIT_RETAIN_SELF = YES;
				CLANG_WARN_OBJC_LITERAL_CONVERSION = YES;
				CLANG_WARN_OBJC_ROOT_CLASS = YES_ERROR;
				CLANG_WARN_RANGE_LOOP_ANALYSIS = YES;
				CLANG_WARN_STRICT_PROTOTYPES = YES;
				CLANG_WARN_SUSPICIOUS_MOVE = YES;
				CLANG_WARN_UNGUARDED_AVAILABILITY = YES_AGGRESSIVE;
				CLANG_WARN_UNREACHABLE_CODE = YES;
				CLANG_WARN__DUPLICATE_METHOD_MATCH = YES;
				COPY_PHASE_STRIP = NO;
				DEBUG_INFORMATION_FORMAT = dwarf;
				ENABLE_STRICT_OBJC_MSGSEND = YES;
				ENABLE_TESTABILITY = YES;
				GCC_C_LANGUAGE_STANDARD = gnu11;
				GCC_DYNAMIC_NO_PIC = NO;
				GCC_NO_COMMON_BLOCKS = YES;
				GCC_OPTIMIZATION_LEVEL = 0;
				GCC_PREPROCESSOR_DEFINITIONS = (
					"DEBUG=1",
					"$(inherited)",
				);
				GCC_WARN_64_TO_32_BIT_CONVERSION = YES;
				GCC_WARN_ABOUT_RETURN_TYPE = YES_ERROR;
				GCC_WARN_UNDECLARED_SELECTOR = YES;
				GCC_WARN_UNINITIALIZED_AUTOS = YES_AGGRESSIVE;
				GCC_WARN_UNUSED_FUNCTION = YES;
				GCC_WARN_UNUSED_VARIABLE = YES;
				IPHONEOS_DEPLOYMENT_TARGET = 13.5;
				MTL_ENABLE_DEBUG_INFO = INCLUDE_SOURCE;
				MTL_FAST_MATH = YES;
				ONLY_ACTIVE_ARCH = YES;
				SDKROOT = iphoneos;
				SWIFT_ACTIVE_COMPILATION_CONDITIONS = DEBUG;
				SWIFT_OPTIMIZATION_LEVEL = "-Onone";
			};
			name = Debug;
		};
		0D2E6BCF24C4CF0E00E56DDE /* Release */ = {
			isa = XCBuildConfiguration;
			buildSettings = {
				ALWAYS_SEARCH_USER_PATHS = NO;
				CLANG_ANALYZER_NONNULL = YES;
				CLANG_ANALYZER_NUMBER_OBJECT_CONVERSION = YES_AGGRESSIVE;
				CLANG_CXX_LANGUAGE_STANDARD = "gnu++14";
				CLANG_CXX_LIBRARY = "libc++";
				CLANG_ENABLE_MODULES = YES;
				CLANG_ENABLE_OBJC_ARC = YES;
				CLANG_ENABLE_OBJC_WEAK = YES;
				CLANG_WARN_BLOCK_CAPTURE_AUTORELEASING = YES;
				CLANG_WARN_BOOL_CONVERSION = YES;
				CLANG_WARN_COMMA = YES;
				CLANG_WARN_CONSTANT_CONVERSION = YES;
				CLANG_WARN_DEPRECATED_OBJC_IMPLEMENTATIONS = YES;
				CLANG_WARN_DIRECT_OBJC_ISA_USAGE = YES_ERROR;
				CLANG_WARN_DOCUMENTATION_COMMENTS = YES;
				CLANG_WARN_EMPTY_BODY = YES;
				CLANG_WARN_ENUM_CONVERSION = YES;
				CLANG_WARN_INFINITE_RECURSION = YES;
				CLANG_WARN_INT_CONVERSION = YES;
				CLANG_WARN_NON_LITERAL_NULL_CONVERSION = YES;
				CLANG_WARN_OBJC_IMPLICIT_RETAIN_SELF = YES;
				CLANG_WARN_OBJC_LITERAL_CONVERSION = YES;
				CLANG_WARN_OBJC_ROOT_CLASS = YES_ERROR;
				CLANG_WARN_RANGE_LOOP_ANALYSIS = YES;
				CLANG_WARN_STRICT_PROTOTYPES = YES;
				CLANG_WARN_SUSPICIOUS_MOVE = YES;
				CLANG_WARN_UNGUARDED_AVAILABILITY = YES_AGGRESSIVE;
				CLANG_WARN_UNREACHABLE_CODE = YES;
				CLANG_WARN__DUPLICATE_METHOD_MATCH = YES;
				COPY_PHASE_STRIP = NO;
				DEBUG_INFORMATION_FORMAT = "dwarf-with-dsym";
				ENABLE_NS_ASSERTIONS = NO;
				ENABLE_STRICT_OBJC_MSGSEND = YES;
				GCC_C_LANGUAGE_STANDARD = gnu11;
				GCC_NO_COMMON_BLOCKS = YES;
				GCC_WARN_64_TO_32_BIT_CONVERSION = YES;
				GCC_WARN_ABOUT_RETURN_TYPE = YES_ERROR;
				GCC_WARN_UNDECLARED_SELECTOR = YES;
				GCC_WARN_UNINITIALIZED_AUTOS = YES_AGGRESSIVE;
				GCC_WARN_UNUSED_FUNCTION = YES;
				GCC_WARN_UNUSED_VARIABLE = YES;
				IPHONEOS_DEPLOYMENT_TARGET = 13.5;
				MTL_ENABLE_DEBUG_INFO = NO;
				MTL_FAST_MATH = YES;
				SDKROOT = iphoneos;
				SWIFT_COMPILATION_MODE = wholemodule;
				SWIFT_OPTIMIZATION_LEVEL = "-O";
				VALIDATE_PRODUCT = YES;
			};
			name = Release;
		};
		0D2E6BD124C4CF0E00E56DDE /* Debug */ = {
			isa = XCBuildConfiguration;
			buildSettings = {
				ASSETCATALOG_COMPILER_APPICON_NAME = AppIcon;
				CODE_SIGN_STYLE = Automatic;
				DEVELOPMENT_ASSET_PATHS = "\"Neuroscience-DementiaApp/Preview Content\"";
				DEVELOPMENT_TEAM = WP8HPDQXJL;
				ENABLE_PREVIEWS = YES;
				INFOPLIST_FILE = "Neuroscience-DementiaApp/Info.plist";
				LD_RUNPATH_SEARCH_PATHS = (
					"$(inherited)",
					"@executable_path/Frameworks",
				);
				PRODUCT_BUNDLE_IDENTIFIER = "com.neuroscience.Neuroscience-DementiaApp";
				PRODUCT_NAME = "$(TARGET_NAME)";
				SWIFT_VERSION = 5.0;
				TARGETED_DEVICE_FAMILY = "1,2";
			};
			name = Debug;
		};
		0D2E6BD224C4CF0E00E56DDE /* Release */ = {
			isa = XCBuildConfiguration;
			buildSettings = {
				ASSETCATALOG_COMPILER_APPICON_NAME = AppIcon;
				CODE_SIGN_STYLE = Automatic;
				DEVELOPMENT_ASSET_PATHS = "\"Neuroscience-DementiaApp/Preview Content\"";
				DEVELOPMENT_TEAM = WP8HPDQXJL;
				ENABLE_PREVIEWS = YES;
				INFOPLIST_FILE = "Neuroscience-DementiaApp/Info.plist";
				LD_RUNPATH_SEARCH_PATHS = (
					"$(inherited)",
					"@executable_path/Frameworks",
				);
				PRODUCT_BUNDLE_IDENTIFIER = "com.neuroscience.Neuroscience-DementiaApp";
				PRODUCT_NAME = "$(TARGET_NAME)";
				SWIFT_VERSION = 5.0;
				TARGETED_DEVICE_FAMILY = "1,2";
			};
			name = Release;
		};
/* End XCBuildConfiguration section */

/* Begin XCConfigurationList section */
		0D2E6BB424C4CF0D00E56DDE /* Build configuration list for PBXProject "Neuroscience-DementiaApp" */ = {
			isa = XCConfigurationList;
			buildConfigurations = (
				0D2E6BCE24C4CF0E00E56DDE /* Debug */,
				0D2E6BCF24C4CF0E00E56DDE /* Release */,
			);
			defaultConfigurationIsVisible = 0;
			defaultConfigurationName = Release;
		};
		0D2E6BD024C4CF0E00E56DDE /* Build configuration list for PBXNativeTarget "Neuroscience-DementiaApp" */ = {
			isa = XCConfigurationList;
			buildConfigurations = (
				0D2E6BD124C4CF0E00E56DDE /* Debug */,
				0D2E6BD224C4CF0E00E56DDE /* Release */,
			);
			defaultConfigurationIsVisible = 0;
			defaultConfigurationName = Release;
		};
/* End XCConfigurationList section */

/* Begin XCVersionGroup section */
		0D2E6BC024C4CF0D00E56DDE /* Neuroscience_DementiaApp.xcdatamodeld */ = {
			isa = XCVersionGroup;
			children = (
				0D2E6BC124C4CF0D00E56DDE /* Neuroscience_DementiaApp.xcdatamodel */,
			);
			currentVersion = 0D2E6BC124C4CF0D00E56DDE /* Neuroscience_DementiaApp.xcdatamodel */;
			path = Neuroscience_DementiaApp.xcdatamodeld;
			sourceTree = "<group>";
			versionGroupType = wrapper.xcdatamodel;
		};
/* End XCVersionGroup section */
	};
	rootObject = 0D2E6BB124C4CF0D00E56DDE /* Project object */;
}
